<?xml version="1.0" encoding="utf-8"?>
<Project ToolsVersion="4.0" xmlns="http://schemas.microsoft.com/developer/msbuild/2003">
  <ItemGroup>
    <ClCompile Include="src\toolbox.cpp" />
    <ClCompile Include="src\_old\cake.cpp" />
    <ClCompile Include="src\node.cpp" />
    <ClCompile Include="src\signal\constants.h" />
    <ClCompile Include="src\signal\decoder.cpp" />
    <ClCompile Include="src\signal\generator.cpp" />
    <ClCompile Include="src\signal\processor.cpp" />
    <ClCompile Include="src\signal\sampler.cpp" />
  </ItemGroup>
  <ItemGroup>
    <ClInclude Include="include\node.h" />
    <ClInclude Include="include\dtmf\toolbox.h" />
    <ClInclude Include="src\_old\cake.h" />
    <ClInclude Include="src\signal\decoder.h" />
    <ClInclude Include="src\signal\generator.h" />
    <ClInclude Include="src\signal\processor.h" />
    <ClInclude Include="src\signal\sampler.h" />
  </ItemGroup>
  <ItemGroup>
    <None Include="doc\CHANGELOG.md" />
  </ItemGroup>
</Project>